#MicroXplorer Configuration settings - do not modify
Mcu.Family=STM32F1
ProjectManager.MainLocation=Src
PC15-OSC32_OUT.Mode=LSE-External-Oscillator
RCC.MCOFreq_Value=24000000
ProjectManager.ProjectFileName=stm32_ic2_display_v1.ioc
PD1-OSC_OUT.Mode=HSE-External-Oscillator
ProjectManager.KeepUserCode=true
Mcu.UserName=STM32F100RBTx
Mcu.PinsNb=12
PC9.GPIO_Label=LD3 [Green]
ProjectManager.NoMain=false
RCC.PLLCLKFreq_Value=24000000
PA14.GPIO_Label=TCK_SWCLK
ProjectManager.functionlistsort=1-MX_GPIO_Init-GPIO-false-HAL-true,2-SystemClock_Config-RCC-false-HAL-false,3-MX_I2C1_Init-I2C1-false-HAL-true
PC8.Signal=GPIO_Output
RCC.ADCFreqValue=12000000
PC9.Locked=true
ProjectManager.DefaultFWLocation=true
PD0-OSC_IN.Signal=RCC_OSC_IN
ProjectManager.DeletePrevious=true
PC14-OSC32_IN.Signal=RCC_OSC32_IN
boardIOC=true
PinOutPanel.RotationAngle=0
RCC.FamilyName=M
RCC.SYSCLKSource=RCC_SYSCLKSOURCE_PLLCLK
ProjectManager.StackSize=0x400
PA0-WKUP.Signal=SYS_WKUP
PA0-WKUP.Locked=true
RCC.PLLSource=RCC_PLLSOURCE_HSE
PD1-OSC_OUT.Signal=RCC_OSC_OUT
PC8.GPIO_Label=LD4 [Blue]
PA0-WKUP.Mode=SYS_WakeUp0
PA13.Signal=SYS_JTMS-SWDIO
RCC.FCLKCortexFreq_Value=24000000
Mcu.IP2=RCC
NVIC.SVCall_IRQn=true\:0\:0\:false\:false\:true\:true\:false
Mcu.IP3=SYS
Mcu.IP0=I2C1
Mcu.IP1=NVIC
PC15-OSC32_OUT.Locked=true
Mcu.UserConstants=
ProjectManager.TargetToolchain=TrueSTUDIO
Mcu.ThirdPartyNb=0
RCC.HCLKFreq_Value=24000000
Mcu.IPNb=4
ProjectManager.PreviousToolchain=TrueSTUDIO
RCC.APB2TimFreq_Value=24000000
PB6.Signal=I2C1_SCL
PB6.Mode=I2C
Mcu.Pin6=PC9
Mcu.Pin7=PA13
Mcu.Pin8=PA14
Mcu.Pin9=PB6
PC15-OSC32_OUT.Signal=RCC_OSC32_OUT
RCC.AHBFreq_Value=24000000
Mcu.Pin0=PC14-OSC32_IN
Mcu.Pin1=PC15-OSC32_OUT
PD0-OSC_IN.Mode=HSE-External-Oscillator
Mcu.Pin2=PD0-OSC_IN
Mcu.Pin3=PD1-OSC_OUT
Mcu.Pin4=PA0-WKUP
Mcu.Pin5=PC8
ProjectManager.ProjectBuild=false
NVIC.UsageFault_IRQn=true\:0\:0\:false\:false\:true\:true\:false
NVIC.DebugMonitor_IRQn=true\:0\:0\:false\:false\:true\:true\:false
board=STM32VLDISCOVERY
NVIC.SysTick_IRQn=true\:0\:0\:false\:false\:true\:true\:true
ProjectManager.LastFirmware=true
RCC.PLLMUL=RCC_PLL_MUL3
RCC.VCOOutput2Freq_Value=8000000
ProjectManager.FirmwarePackage=STM32Cube FW_F1 V1.8.0
MxDb.Version=DB.5.0.60
RCC.APB2Freq_Value=24000000
ProjectManager.BackupPrevious=false
MxCube.Version=5.6.0
PC14-OSC32_IN.Mode=LSE-External-Oscillator
PA14.Mode=Serial_Wire
File.Version=6
VP_SYS_VS_Systick.Mode=SysTick
PB7.Signal=I2C1_SDA
NVIC.NonMaskableInt_IRQn=true\:0\:0\:false\:false\:true\:true\:false
NVIC.PendSV_IRQn=true\:0\:0\:false\:false\:true\:true\:false
PA13.Mode=Serial_Wire
ProjectManager.FreePins=false
RCC.IPParameters=ADCFreqValue,AHBFreq_Value,APB1Freq_Value,APB1TimFreq_Value,APB2Freq_Value,APB2TimFreq_Value,FCLKCortexFreq_Value,FamilyName,HCLKFreq_Value,MCOFreq_Value,PLLCLKFreq_Value,PLLMCOFreq_Value,PLLMUL,PLLSource,SYSCLKFreq_VALUE,SYSCLKSource,TimSysFreq_Value,VCOOutput2Freq_Value
PC9.GPIOParameters=GPIO_Label
ProjectManager.AskForMigrate=true
Mcu.Name=STM32F100R(8-B)Tx
ProjectManager.HalAssertFull=false
PA13.GPIO_Label=TMS_SWDIO
ProjectManager.ProjectName=stm32_ic2_display_v1
ProjectManager.UnderRoot=true
PA13.GPIOParameters=GPIO_Label
RCC.PLLMCOFreq_Value=12000000
ProjectManager.CoupleFile=false
PC8.GPIOParameters=GPIO_Label
RCC.SYSCLKFreq_VALUE=24000000
Mcu.Package=LQFP64
RCC.TimSysFreq_Value=24000000
NVIC.ForceEnableDMAVector=true
KeepUserPlacement=false
PA14.GPIOParameters=GPIO_Label
NVIC.MemoryManagement_IRQn=true\:0\:0\:false\:false\:true\:true\:false
PA14.Locked=true
PA13.Locked=true
ProjectManager.CompilerOptimize=6
ProjectManager.ToolChainLocation=
VP_SYS_VS_Systick.Signal=SYS_VS_Systick
PB7.Mode=I2C
PA14.Signal=SYS_JTCK-SWCLK
ProjectManager.HeapSize=0x200
NVIC.HardFault_IRQn=true\:0\:0\:false\:false\:true\:true\:false
ProjectManager.ComputerToolchain=false
NVIC.PriorityGroup=NVIC_PRIORITYGROUP_4
Mcu.Pin11=VP_SYS_VS_Systick
Mcu.Pin10=PB7
RCC.APB1TimFreq_Value=24000000
NVIC.BusFault_IRQn=true\:0\:0\:false\:false\:true\:true\:false
PC8.Locked=true
PC9.Signal=GPIO_Output
RCC.APB1Freq_Value=24000000
ProjectManager.CustomerFirmwarePackage=
ProjectManager.DeviceId=STM32F100RBTx
PC14-OSC32_IN.Locked=true
ProjectManager.LibraryCopy=1
